{
  "version": 4,
  "terraform_version": "1.4.6",
  "serial": 47,
  "lineage": "b631c46b-7dbd-ed30-34b1-62e172fe9544",
  "outputs": {},
  "resources": [
    {
      "mode": "managed",
      "type": "google_compute_instance",
      "name": "gce_k6",
      "provider": "provider[\"registry.terraform.io/hashicorp/google\"]",
      "instances": [
        {
          "index_key": 0,
          "schema_version": 6,
          "attributes": {
            "advanced_machine_features": [],
            "allow_stopping_for_update": null,
            "attached_disk": [],
            "boot_disk": [
              {
                "auto_delete": true,
                "device_name": "persistent-disk-0",
                "disk_encryption_key_raw": "",
                "disk_encryption_key_sha256": "",
                "initialize_params": [
                  {
                    "image": "https://www.googleapis.com/compute/v1/projects/gglobo-infraessentials-hub/global/images/gglobo-oracle-linux-7-20220323",
                    "labels": {},
                    "size": 60,
                    "type": "pd-standard"
                  }
                ],
                "kms_key_self_link": "",
                "mode": "READ_WRITE",
                "source": "https://www.googleapis.com/compute/v1/projects/gglobo-k6-qa-hdg-prd/zones/southamerica-east1-a/disks/gce-k6-0-prod"
              }
            ],
            "can_ip_forward": false,
            "confidential_instance_config": [],
            "cpu_platform": "Intel Broadwell",
            "current_status": "RUNNING",
            "deletion_protection": false,
            "description": "",
            "desired_status": null,
            "enable_display": false,
            "guest_accelerator": [],
            "hostname": "",
            "id": "projects/gglobo-k6-qa-hdg-prd/zones/southamerica-east1-a/instances/gce-k6-0-prod",
            "instance_id": "8992310749438746145",
            "label_fingerprint": "ySlkPXTj2qA=",
            "labels": {
              "env": "prod",
              "system": "k6"
            },
            "machine_type": "e2-standard-4",
            "metadata": null,
            "metadata_fingerprint": "jqQDiVqxnrA=",
            "metadata_startup_script": "echo \"sshd:   10.86.7.        #Redes Gitlab runners GCP\" \u003e\u003e /etc/hosts.allow",
            "min_cpu_platform": "",
            "name": "gce-k6-0-prod",
            "network_interface": [
              {
                "access_config": [],
                "alias_ip_range": [],
                "ipv6_access_config": [],
                "ipv6_access_type": "",
                "name": "nic0",
                "network": "https://www.googleapis.com/compute/v1/projects/gglobo-network-hdg-spk-prod/global/networks/vpc-hdg-prod",
                "network_ip": "10.93.154.21",
                "nic_type": "",
                "queue_count": 0,
                "stack_type": "IPV4_ONLY",
                "subnetwork": "https://www.googleapis.com/compute/v1/projects/gglobo-network-hdg-spk-prod/regions/southamerica-east1/subnetworks/sb-k6-qa-sa-e1-hdg-prd",
                "subnetwork_project": "gglobo-network-hdg-spk-prod"
              }
            ],
            "network_performance_config": [],
            "project": "gglobo-k6-qa-hdg-prd",
            "reservation_affinity": [],
            "resource_policies": null,
            "scheduling": [
              {
                "automatic_restart": true,
                "instance_termination_action": "",
                "min_node_cpus": 0,
                "node_affinities": [],
                "on_host_maintenance": "MIGRATE",
                "preemptible": false,
                "provisioning_model": "STANDARD"
              }
            ],
            "scratch_disk": [],
            "self_link": "https://www.googleapis.com/compute/v1/projects/gglobo-k6-qa-hdg-prd/zones/southamerica-east1-a/instances/gce-k6-0-prod",
            "service_account": [
              {
                "email": "sa-k6-qa@gglobo-k6-qa-hdg-prd.iam.gserviceaccount.com",
                "scopes": [
                  "https://www.googleapis.com/auth/cloud-platform"
                ]
              }
            ],
            "shielded_instance_config": [
              {
                "enable_integrity_monitoring": true,
                "enable_secure_boot": false,
                "enable_vtpm": true
              }
            ],
            "tags": [
              "prod"
            ],
            "tags_fingerprint": "-oq8NyUJX0c=",
            "timeouts": null,
            "zone": "southamerica-east1-a"
          },
          "sensitive_attributes": [],
          "private": "eyJlMmJmYjczMC1lY2FhLTExZTYtOGY4OC0zNDM2M2JjN2M0YzAiOnsiY3JlYXRlIjoxMjAwMDAwMDAwMDAwLCJkZWxldGUiOjEyMDAwMDAwMDAwMDAsInVwZGF0ZSI6MTIwMDAwMDAwMDAwMH0sInNjaGVtYV92ZXJzaW9uIjoiNiJ9"
        },
        {
          "index_key": 1,
          "schema_version": 6,
          "attributes": {
            "advanced_machine_features": [],
            "allow_stopping_for_update": null,
            "attached_disk": [],
            "boot_disk": [
              {
                "auto_delete": true,
                "device_name": "persistent-disk-0",
                "disk_encryption_key_raw": "",
                "disk_encryption_key_sha256": "",
                "initialize_params": [
                  {
                    "image": "https://www.googleapis.com/compute/v1/projects/gglobo-infraessentials-hub/global/images/gglobo-oracle-linux-7-20220323",
                    "labels": {},
                    "size": 60,
                    "type": "pd-standard"
                  }
                ],
                "kms_key_self_link": "",
                "mode": "READ_WRITE",
                "source": "https://www.googleapis.com/compute/v1/projects/gglobo-k6-qa-hdg-prd/zones/southamerica-east1-a/disks/gce-k6-1-prod"
              }
            ],
            "can_ip_forward": false,
            "confidential_instance_config": [],
            "cpu_platform": "Intel Broadwell",
            "current_status": "RUNNING",
            "deletion_protection": false,
            "description": "",
            "desired_status": null,
            "enable_display": false,
            "guest_accelerator": [],
            "hostname": "",
            "id": "projects/gglobo-k6-qa-hdg-prd/zones/southamerica-east1-a/instances/gce-k6-1-prod",
            "instance_id": "6313676871128653379",
            "label_fingerprint": "ySlkPXTj2qA=",
            "labels": {
              "env": "prod",
              "system": "k6"
            },
            "machine_type": "e2-standard-4",
            "metadata": {},
            "metadata_fingerprint": "jqQDiVqxnrA=",
            "metadata_startup_script": "echo \"sshd:   10.86.7.        #Redes Gitlab runners GCP\" \u003e\u003e /etc/hosts.allow",
            "min_cpu_platform": "",
            "name": "gce-k6-1-prod",
            "network_interface": [
              {
                "access_config": [],
                "alias_ip_range": [],
                "ipv6_access_config": [],
                "ipv6_access_type": "",
                "name": "nic0",
                "network": "https://www.googleapis.com/compute/v1/projects/gglobo-network-hdg-spk-prod/global/networks/vpc-hdg-prod",
                "network_ip": "10.93.154.17",
                "nic_type": "",
                "queue_count": 0,
                "stack_type": "IPV4_ONLY",
                "subnetwork": "https://www.googleapis.com/compute/v1/projects/gglobo-network-hdg-spk-prod/regions/southamerica-east1/subnetworks/sb-k6-qa-sa-e1-hdg-prd",
                "subnetwork_project": "gglobo-network-hdg-spk-prod"
              }
            ],
            "network_performance_config": [],
            "project": "gglobo-k6-qa-hdg-prd",
            "reservation_affinity": [],
            "resource_policies": [],
            "scheduling": [
              {
                "automatic_restart": true,
                "instance_termination_action": "",
                "min_node_cpus": 0,
                "node_affinities": [],
                "on_host_maintenance": "MIGRATE",
                "preemptible": false,
                "provisioning_model": "STANDARD"
              }
            ],
            "scratch_disk": [],
            "self_link": "https://www.googleapis.com/compute/v1/projects/gglobo-k6-qa-hdg-prd/zones/southamerica-east1-a/instances/gce-k6-1-prod",
            "service_account": [
              {
                "email": "sa-k6-qa@gglobo-k6-qa-hdg-prd.iam.gserviceaccount.com",
                "scopes": [
                  "https://www.googleapis.com/auth/cloud-platform"
                ]
              }
            ],
            "shielded_instance_config": [
              {
                "enable_integrity_monitoring": true,
                "enable_secure_boot": false,
                "enable_vtpm": true
              }
            ],
            "tags": [
              "prod"
            ],
            "tags_fingerprint": "-oq8NyUJX0c=",
            "timeouts": null,
            "zone": "southamerica-east1-a"
          },
          "sensitive_attributes": [],
          "private": "eyJlMmJmYjczMC1lY2FhLTExZTYtOGY4OC0zNDM2M2JjN2M0YzAiOnsiY3JlYXRlIjoxMjAwMDAwMDAwMDAwLCJkZWxldGUiOjEyMDAwMDAwMDAwMDAsInVwZGF0ZSI6MTIwMDAwMDAwMDAwMH0sInNjaGVtYV92ZXJzaW9uIjoiNiJ9"
        },
        {
          "index_key": 2,
          "schema_version": 6,
          "attributes": {
            "advanced_machine_features": [],
            "allow_stopping_for_update": null,
            "attached_disk": [],
            "boot_disk": [
              {
                "auto_delete": true,
                "device_name": "persistent-disk-0",
                "disk_encryption_key_raw": "",
                "disk_encryption_key_sha256": "",
                "initialize_params": [
                  {
                    "image": "https://www.googleapis.com/compute/v1/projects/gglobo-infraessentials-hub/global/images/gglobo-oracle-linux-7-20220323",
                    "labels": {},
                    "size": 60,
                    "type": "pd-standard"
                  }
                ],
                "kms_key_self_link": "",
                "mode": "READ_WRITE",
                "source": "https://www.googleapis.com/compute/v1/projects/gglobo-k6-qa-hdg-prd/zones/southamerica-east1-a/disks/gce-k6-2-prod"
              }
            ],
            "can_ip_forward": false,
            "confidential_instance_config": [],
            "cpu_platform": "Intel Broadwell",
            "current_status": "RUNNING",
            "deletion_protection": false,
            "description": "",
            "desired_status": null,
            "enable_display": false,
            "guest_accelerator": [],
            "hostname": "",
            "id": "projects/gglobo-k6-qa-hdg-prd/zones/southamerica-east1-a/instances/gce-k6-2-prod",
            "instance_id": "3646085641499385410",
            "label_fingerprint": "ySlkPXTj2qA=",
            "labels": {
              "env": "prod",
              "system": "k6"
            },
            "machine_type": "e2-standard-4",
            "metadata": {},
            "metadata_fingerprint": "jqQDiVqxnrA=",
            "metadata_startup_script": "echo \"sshd:   10.86.7.        #Redes Gitlab runners GCP\" \u003e\u003e /etc/hosts.allow",
            "min_cpu_platform": "",
            "name": "gce-k6-2-prod",
            "network_interface": [
              {
                "access_config": [],
                "alias_ip_range": [],
                "ipv6_access_config": [],
                "ipv6_access_type": "",
                "name": "nic0",
                "network": "https://www.googleapis.com/compute/v1/projects/gglobo-network-hdg-spk-prod/global/networks/vpc-hdg-prod",
                "network_ip": "10.93.154.19",
                "nic_type": "",
                "queue_count": 0,
                "stack_type": "IPV4_ONLY",
                "subnetwork": "https://www.googleapis.com/compute/v1/projects/gglobo-network-hdg-spk-prod/regions/southamerica-east1/subnetworks/sb-k6-qa-sa-e1-hdg-prd",
                "subnetwork_project": "gglobo-network-hdg-spk-prod"
              }
            ],
            "network_performance_config": [],
            "project": "gglobo-k6-qa-hdg-prd",
            "reservation_affinity": [],
            "resource_policies": [],
            "scheduling": [
              {
                "automatic_restart": true,
                "instance_termination_action": "",
                "min_node_cpus": 0,
                "node_affinities": [],
                "on_host_maintenance": "MIGRATE",
                "preemptible": false,
                "provisioning_model": "STANDARD"
              }
            ],
            "scratch_disk": [],
            "self_link": "https://www.googleapis.com/compute/v1/projects/gglobo-k6-qa-hdg-prd/zones/southamerica-east1-a/instances/gce-k6-2-prod",
            "service_account": [
              {
                "email": "sa-k6-qa@gglobo-k6-qa-hdg-prd.iam.gserviceaccount.com",
                "scopes": [
                  "https://www.googleapis.com/auth/cloud-platform"
                ]
              }
            ],
            "shielded_instance_config": [
              {
                "enable_integrity_monitoring": true,
                "enable_secure_boot": false,
                "enable_vtpm": true
              }
            ],
            "tags": [
              "prod"
            ],
            "tags_fingerprint": "-oq8NyUJX0c=",
            "timeouts": null,
            "zone": "southamerica-east1-a"
          },
          "sensitive_attributes": [],
          "private": "eyJlMmJmYjczMC1lY2FhLTExZTYtOGY4OC0zNDM2M2JjN2M0YzAiOnsiY3JlYXRlIjoxMjAwMDAwMDAwMDAwLCJkZWxldGUiOjEyMDAwMDAwMDAwMDAsInVwZGF0ZSI6MTIwMDAwMDAwMDAwMH0sInNjaGVtYV92ZXJzaW9uIjoiNiJ9"
        }
      ]
    },
    {
      "mode": "managed",
      "type": "google_compute_instance",
      "name": "gce_prometheus",
      "provider": "provider[\"registry.terraform.io/hashicorp/google\"]",
      "instances": [
        {
          "schema_version": 6,
          "attributes": {
            "advanced_machine_features": [],
            "allow_stopping_for_update": null,
            "attached_disk": [],
            "boot_disk": [
              {
                "auto_delete": true,
                "device_name": "persistent-disk-0",
                "disk_encryption_key_raw": "",
                "disk_encryption_key_sha256": "",
                "initialize_params": [
                  {
                    "image": "https://www.googleapis.com/compute/v1/projects/gglobo-infraessentials-hub/global/images/gglobo-oracle-linux-7-20220323",
                    "labels": {},
                    "size": 60,
                    "type": "pd-standard"
                  }
                ],
                "kms_key_self_link": "",
                "mode": "READ_WRITE",
                "source": "https://www.googleapis.com/compute/v1/projects/gglobo-k6-qa-hdg-prd/zones/southamerica-east1-a/disks/gce-prometheus-prod"
              }
            ],
            "can_ip_forward": false,
            "confidential_instance_config": [],
            "cpu_platform": "Intel Broadwell",
            "current_status": "RUNNING",
            "deletion_protection": false,
            "description": "",
            "desired_status": null,
            "enable_display": false,
            "guest_accelerator": [],
            "hostname": "",
            "id": "projects/gglobo-k6-qa-hdg-prd/zones/southamerica-east1-a/instances/gce-prometheus-prod",
            "instance_id": "4391324113020984866",
            "label_fingerprint": "sEByXRwgCO0=",
            "labels": {
              "env": "prod",
              "system": "prometheus"
            },
            "machine_type": "e2-standard-4",
            "metadata": null,
            "metadata_fingerprint": "jqQDiVqxnrA=",
            "metadata_startup_script": "echo \"sshd:   10.86.7.        #Redes Gitlab runners GCP\" \u003e\u003e /etc/hosts.allow",
            "min_cpu_platform": "",
            "name": "gce-prometheus-prod",
            "network_interface": [
              {
                "access_config": [],
                "alias_ip_range": [],
                "ipv6_access_config": [],
                "ipv6_access_type": "",
                "name": "nic0",
                "network": "https://www.googleapis.com/compute/v1/projects/gglobo-network-hdg-spk-prod/global/networks/vpc-hdg-prod",
                "network_ip": "10.93.154.20",
                "nic_type": "",
                "queue_count": 0,
                "stack_type": "IPV4_ONLY",
                "subnetwork": "https://www.googleapis.com/compute/v1/projects/gglobo-network-hdg-spk-prod/regions/southamerica-east1/subnetworks/sb-k6-qa-sa-e1-hdg-prd",
                "subnetwork_project": "gglobo-network-hdg-spk-prod"
              }
            ],
            "network_performance_config": [],
            "project": "gglobo-k6-qa-hdg-prd",
            "reservation_affinity": [],
            "resource_policies": null,
            "scheduling": [
              {
                "automatic_restart": true,
                "instance_termination_action": "",
                "min_node_cpus": 0,
                "node_affinities": [],
                "on_host_maintenance": "MIGRATE",
                "preemptible": false,
                "provisioning_model": "STANDARD"
              }
            ],
            "scratch_disk": [],
            "self_link": "https://www.googleapis.com/compute/v1/projects/gglobo-k6-qa-hdg-prd/zones/southamerica-east1-a/instances/gce-prometheus-prod",
            "service_account": [
              {
                "email": "sa-k6-qa@gglobo-k6-qa-hdg-prd.iam.gserviceaccount.com",
                "scopes": [
                  "https://www.googleapis.com/auth/cloud-platform"
                ]
              }
            ],
            "shielded_instance_config": [
              {
                "enable_integrity_monitoring": true,
                "enable_secure_boot": false,
                "enable_vtpm": true
              }
            ],
            "tags": [
              "prod",
              "prometheus"
            ],
            "tags_fingerprint": "THGR_Lq0A2Y=",
            "timeouts": null,
            "zone": "southamerica-east1-a"
          },
          "sensitive_attributes": [],
          "private": "eyJlMmJmYjczMC1lY2FhLTExZTYtOGY4OC0zNDM2M2JjN2M0YzAiOnsiY3JlYXRlIjoxMjAwMDAwMDAwMDAwLCJkZWxldGUiOjEyMDAwMDAwMDAwMDAsInVwZGF0ZSI6MTIwMDAwMDAwMDAwMH0sInNjaGVtYV92ZXJzaW9uIjoiNiJ9"
        }
      ]
    }
  ],
  "check_results": null
}
